{
  "originHash" : "625461478dbb9246ba5ebd68218cbacee4791cb8b9f784d2051785cd6fb42d7c",
  "pins" : [
    {
      "identity" : "core",
      "kind" : "remoteSourceControl",
      "location" : "https://github.com/andrehaas2005/Core.git",
      "state" : {
        "branch" : "main",
        "revision" : "6cc9cb84aadcf2d3c7309b07219f02a549656b8d"
      }
    }
  ],
  "version" : 3
}
